// !$*UTF8*$!
{
	archiveVersion = 1;
	classes = {
	};
	objectVersion = 50;
	objects = {

/* Begin PBXBuildFile section */
		3E6C334346B9F0CD553E868C /* Pods_MercadoPagoExampleTests.framework in Frameworks */ = {isa = PBXBuildFile; fileRef = 0F56B3937DBB54FFA46609ED /* Pods_MercadoPagoExampleTests.framework */; };
		8E53D36D21FE468500EACCE3 /* AppDelegate.swift in Sources */ = {isa = PBXBuildFile; fileRef = 8E53D36C21FE468500EACCE3 /* AppDelegate.swift */; };
		8E53D37421FE468900EACCE3 /* Assets.xcassets in Resources */ = {isa = PBXBuildFile; fileRef = 8E53D37321FE468900EACCE3 /* Assets.xcassets */; };
		8E53D37721FE468900EACCE3 /* LaunchScreen.storyboard in Resources */ = {isa = PBXBuildFile; fileRef = 8E53D37521FE468900EACCE3 /* LaunchScreen.storyboard */; };
		8E53D38221FE468A00EACCE3 /* MercadoPagoExampleTests.swift in Sources */ = {isa = PBXBuildFile; fileRef = 8E53D38121FE468A00EACCE3 /* MercadoPagoExampleTests.swift */; };
		8E53D39521FE4C6800EACCE3 /* Constants.swift in Sources */ = {isa = PBXBuildFile; fileRef = 8E53D39421FE4C6800EACCE3 /* Constants.swift */; };
		8E53D39D21FE4DC300EACCE3 /* AmountInputPresenter.swift in Sources */ = {isa = PBXBuildFile; fileRef = 8E53D39721FE4DC300EACCE3 /* AmountInputPresenter.swift */; };
		8E53D39E21FE4DC300EACCE3 /* AmountInputWorker.swift in Sources */ = {isa = PBXBuildFile; fileRef = 8E53D39821FE4DC300EACCE3 /* AmountInputWorker.swift */; };
		8E53D39F21FE4DC300EACCE3 /* AmountInputRouter.swift in Sources */ = {isa = PBXBuildFile; fileRef = 8E53D39921FE4DC300EACCE3 /* AmountInputRouter.swift */; };
		8E53D3A021FE4DC300EACCE3 /* AmountInputModels.swift in Sources */ = {isa = PBXBuildFile; fileRef = 8E53D39A21FE4DC300EACCE3 /* AmountInputModels.swift */; };
		8E53D3A121FE4DC300EACCE3 /* AmountInputViewController.swift in Sources */ = {isa = PBXBuildFile; fileRef = 8E53D39B21FE4DC300EACCE3 /* AmountInputViewController.swift */; };
		8E53D3A221FE4DC300EACCE3 /* AmountInputInteractor.swift in Sources */ = {isa = PBXBuildFile; fileRef = 8E53D39C21FE4DC300EACCE3 /* AmountInputInteractor.swift */; };
		8E53D3A921FE4DD300EACCE3 /* PaymentSelectionPresenter.swift in Sources */ = {isa = PBXBuildFile; fileRef = 8E53D3A321FE4DD300EACCE3 /* PaymentSelectionPresenter.swift */; };
		8E53D3AA21FE4DD300EACCE3 /* PaymentSelectionWorker.swift in Sources */ = {isa = PBXBuildFile; fileRef = 8E53D3A421FE4DD300EACCE3 /* PaymentSelectionWorker.swift */; };
		8E53D3AB21FE4DD300EACCE3 /* PaymentSelectionRouter.swift in Sources */ = {isa = PBXBuildFile; fileRef = 8E53D3A521FE4DD300EACCE3 /* PaymentSelectionRouter.swift */; };
		8E53D3AC21FE4DD300EACCE3 /* PaymentSelectionModels.swift in Sources */ = {isa = PBXBuildFile; fileRef = 8E53D3A621FE4DD300EACCE3 /* PaymentSelectionModels.swift */; };
		8E53D3AD21FE4DD300EACCE3 /* PaymentSelectionViewController.swift in Sources */ = {isa = PBXBuildFile; fileRef = 8E53D3A721FE4DD300EACCE3 /* PaymentSelectionViewController.swift */; };
		8E53D3AE21FE4DD300EACCE3 /* PaymentSelectionInteractor.swift in Sources */ = {isa = PBXBuildFile; fileRef = 8E53D3A821FE4DD300EACCE3 /* PaymentSelectionInteractor.swift */; };
		8E53D3B521FE4DE300EACCE3 /* BankSelectionPresenter.swift in Sources */ = {isa = PBXBuildFile; fileRef = 8E53D3AF21FE4DE300EACCE3 /* BankSelectionPresenter.swift */; };
		8E53D3B621FE4DE300EACCE3 /* BankSelectionWorker.swift in Sources */ = {isa = PBXBuildFile; fileRef = 8E53D3B021FE4DE300EACCE3 /* BankSelectionWorker.swift */; };
		8E53D3B721FE4DE300EACCE3 /* BankSelectionRouter.swift in Sources */ = {isa = PBXBuildFile; fileRef = 8E53D3B121FE4DE300EACCE3 /* BankSelectionRouter.swift */; };
		8E53D3B821FE4DE300EACCE3 /* BankSelectionModels.swift in Sources */ = {isa = PBXBuildFile; fileRef = 8E53D3B221FE4DE300EACCE3 /* BankSelectionModels.swift */; };
		8E53D3B921FE4DE300EACCE3 /* BankSelectionViewController.swift in Sources */ = {isa = PBXBuildFile; fileRef = 8E53D3B321FE4DE300EACCE3 /* BankSelectionViewController.swift */; };
		8E53D3BA21FE4DE300EACCE3 /* BankSelectionInteractor.swift in Sources */ = {isa = PBXBuildFile; fileRef = 8E53D3B421FE4DE300EACCE3 /* BankSelectionInteractor.swift */; };
		8E53D3C121FE4DFC00EACCE3 /* InstallmentSelectionPresenter.swift in Sources */ = {isa = PBXBuildFile; fileRef = 8E53D3BB21FE4DFC00EACCE3 /* InstallmentSelectionPresenter.swift */; };
		8E53D3C221FE4DFC00EACCE3 /* InstallmentSelectionWorker.swift in Sources */ = {isa = PBXBuildFile; fileRef = 8E53D3BC21FE4DFC00EACCE3 /* InstallmentSelectionWorker.swift */; };
		8E53D3C321FE4DFC00EACCE3 /* InstallmentSelectionRouter.swift in Sources */ = {isa = PBXBuildFile; fileRef = 8E53D3BD21FE4DFC00EACCE3 /* InstallmentSelectionRouter.swift */; };
		8E53D3C421FE4DFC00EACCE3 /* InstallmentSelectionModels.swift in Sources */ = {isa = PBXBuildFile; fileRef = 8E53D3BE21FE4DFC00EACCE3 /* InstallmentSelectionModels.swift */; };
		8E53D3C521FE4DFC00EACCE3 /* InstallmentSelectionViewController.swift in Sources */ = {isa = PBXBuildFile; fileRef = 8E53D3BF21FE4DFC00EACCE3 /* InstallmentSelectionViewController.swift */; };
		8E53D3C621FE4DFC00EACCE3 /* InstallmentSelectionInteractor.swift in Sources */ = {isa = PBXBuildFile; fileRef = 8E53D3C021FE4DFC00EACCE3 /* InstallmentSelectionInteractor.swift */; };
		8E53D3CD21FE4E0900EACCE3 /* SummaryPresenter.swift in Sources */ = {isa = PBXBuildFile; fileRef = 8E53D3C721FE4E0900EACCE3 /* SummaryPresenter.swift */; };
		8E53D3CE21FE4E0900EACCE3 /* SummaryWorker.swift in Sources */ = {isa = PBXBuildFile; fileRef = 8E53D3C821FE4E0900EACCE3 /* SummaryWorker.swift */; };
		8E53D3CF21FE4E0900EACCE3 /* SummaryRouter.swift in Sources */ = {isa = PBXBuildFile; fileRef = 8E53D3C921FE4E0900EACCE3 /* SummaryRouter.swift */; };
		8E53D3D021FE4E0900EACCE3 /* SummaryModels.swift in Sources */ = {isa = PBXBuildFile; fileRef = 8E53D3CA21FE4E0900EACCE3 /* SummaryModels.swift */; };
		8E53D3D121FE4E0900EACCE3 /* SummaryViewController.swift in Sources */ = {isa = PBXBuildFile; fileRef = 8E53D3CB21FE4E0900EACCE3 /* SummaryViewController.swift */; };
		8E53D3D221FE4E0900EACCE3 /* SummaryInteractor.swift in Sources */ = {isa = PBXBuildFile; fileRef = 8E53D3CC21FE4E0900EACCE3 /* SummaryInteractor.swift */; };
		8E53D3D521FEA2EA00EACCE3 /* PaymentMethodsResponse.swift in Sources */ = {isa = PBXBuildFile; fileRef = 8E53D3D421FEA2EA00EACCE3 /* PaymentMethodsResponse.swift */; };
		8E53D3D721FEA56700EACCE3 /* BanksResponse.swift in Sources */ = {isa = PBXBuildFile; fileRef = 8E53D3D621FEA56700EACCE3 /* BanksResponse.swift */; };
		8E53D3DA21FEA7D900EACCE3 /* InstallmentsResponse.swift in Sources */ = {isa = PBXBuildFile; fileRef = 8E53D3D921FEA7D900EACCE3 /* InstallmentsResponse.swift */; };
		8E53D3E121FEB42A00EACCE3 /* Stubs.swift in Sources */ = {isa = PBXBuildFile; fileRef = 8E53D3E021FEB42700EACCE3 /* Stubs.swift */; };
		8E53D3E821FF3A3200EACCE3 /* Configuration.swift in Sources */ = {isa = PBXBuildFile; fileRef = 8E53D3E721FF3A3200EACCE3 /* Configuration.swift */; };
		8E53D3ED21FF417C00EACCE3 /* GET_installments_200.json in Resources */ = {isa = PBXBuildFile; fileRef = 8E53D3EA21FF417C00EACCE3 /* GET_installments_200.json */; };
		8E53D3EE21FF417C00EACCE3 /* GET_payment_methods_200.json in Resources */ = {isa = PBXBuildFile; fileRef = 8E53D3EB21FF417C00EACCE3 /* GET_payment_methods_200.json */; };
		8E53D3EF21FF417C00EACCE3 /* GET_bank_issuers_200.json in Resources */ = {isa = PBXBuildFile; fileRef = 8E53D3EC21FF417C00EACCE3 /* GET_bank_issuers_200.json */; };
		8E53D3F121FF461700EACCE3 /* MPEApi.swift in Sources */ = {isa = PBXBuildFile; fileRef = 8E53D3F021FF461700EACCE3 /* MPEApi.swift */; };
		8E53D3F421FF479B00EACCE3 /* AlamoFireClient.swift in Sources */ = {isa = PBXBuildFile; fileRef = 8E53D3F321FF479B00EACCE3 /* AlamoFireClient.swift */; };
		8E53D3F621FF4DE800EACCE3 /* UrlSessionClient.swift in Sources */ = {isa = PBXBuildFile; fileRef = 8E53D3F521FF4DE800EACCE3 /* UrlSessionClient.swift */; };
		8ED35D9E21FFBFDB0059F16B /* PaymentSelectionViewController.xib in Resources */ = {isa = PBXBuildFile; fileRef = 8ED35D9D21FFBFDB0059F16B /* PaymentSelectionViewController.xib */; };
		8ED35DA621FFE9770059F16B /* StandardTableViewCell.swift in Sources */ = {isa = PBXBuildFile; fileRef = 8ED35DA421FFE9770059F16B /* StandardTableViewCell.swift */; };
		8ED35DA721FFE9770059F16B /* StandardTableViewCell.xib in Resources */ = {isa = PBXBuildFile; fileRef = 8ED35DA521FFE9770059F16B /* StandardTableViewCell.xib */; };
		8ED35DAB21FFEFA30059F16B /* BankSelectionViewController.xib in Resources */ = {isa = PBXBuildFile; fileRef = 8ED35DAA21FFEFA30059F16B /* BankSelectionViewController.xib */; };
		8ED35DAE22007F960059F16B /* InstallmentSelectionViewController.xib in Resources */ = {isa = PBXBuildFile; fileRef = 8ED35DAD22007F960059F16B /* InstallmentSelectionViewController.xib */; };
		8ED35DB2220086580059F16B /* InstallmentTableViewCell.swift in Sources */ = {isa = PBXBuildFile; fileRef = 8ED35DB0220086580059F16B /* InstallmentTableViewCell.swift */; };
		8ED35DB3220086580059F16B /* InstallmentTableViewCell.xib in Resources */ = {isa = PBXBuildFile; fileRef = 8ED35DB1220086580059F16B /* InstallmentTableViewCell.xib */; };
		F1EFF95C8FEC6F8391A1535A /* Pods_MercadoPagoExample.framework in Frameworks */ = {isa = PBXBuildFile; fileRef = 11A207B25748AB439428D23C /* Pods_MercadoPagoExample.framework */; };
/* End PBXBuildFile section */

/* Begin PBXContainerItemProxy section */
		8E53D37E21FE468A00EACCE3 /* PBXContainerItemProxy */ = {
			isa = PBXContainerItemProxy;
			containerPortal = 8E53D36121FE468500EACCE3 /* Project object */;
			proxyType = 1;
			remoteGlobalIDString = 8E53D36821FE468500EACCE3;
			remoteInfo = MercadoPagoExample;
		};
/* End PBXContainerItemProxy section */

/* Begin PBXFileReference section */
		00639ED33186C277C1B8E17B /* Pods-MercadoPagoExampleTests.release.xcconfig */ = {isa = PBXFileReference; includeInIndex = 1; lastKnownFileType = text.xcconfig; name = "Pods-MercadoPagoExampleTests.release.xcconfig"; path = "Pods/Target Support Files/Pods-MercadoPagoExampleTests/Pods-MercadoPagoExampleTests.release.xcconfig"; sourceTree = "<group>"; };
		06EE817D1F5F629197025665 /* Pods-MercadoPagoExample.release.xcconfig */ = {isa = PBXFileReference; includeInIndex = 1; lastKnownFileType = text.xcconfig; name = "Pods-MercadoPagoExample.release.xcconfig"; path = "Pods/Target Support Files/Pods-MercadoPagoExample/Pods-MercadoPagoExample.release.xcconfig"; sourceTree = "<group>"; };
		0F56B3937DBB54FFA46609ED /* Pods_MercadoPagoExampleTests.framework */ = {isa = PBXFileReference; explicitFileType = wrapper.framework; includeInIndex = 0; path = Pods_MercadoPagoExampleTests.framework; sourceTree = BUILT_PRODUCTS_DIR; };
		11A207B25748AB439428D23C /* Pods_MercadoPagoExample.framework */ = {isa = PBXFileReference; explicitFileType = wrapper.framework; includeInIndex = 0; path = Pods_MercadoPagoExample.framework; sourceTree = BUILT_PRODUCTS_DIR; };
		37278CF8E99064A26CCA9BC4 /* Pods-MercadoPagoExample.debug.xcconfig */ = {isa = PBXFileReference; includeInIndex = 1; lastKnownFileType = text.xcconfig; name = "Pods-MercadoPagoExample.debug.xcconfig"; path = "Pods/Target Support Files/Pods-MercadoPagoExample/Pods-MercadoPagoExample.debug.xcconfig"; sourceTree = "<group>"; };
		67A429D8CDE1D9223263490D /* Pods-MercadoPagoExampleTests.debug.xcconfig */ = {isa = PBXFileReference; includeInIndex = 1; lastKnownFileType = text.xcconfig; name = "Pods-MercadoPagoExampleTests.debug.xcconfig"; path = "Pods/Target Support Files/Pods-MercadoPagoExampleTests/Pods-MercadoPagoExampleTests.debug.xcconfig"; sourceTree = "<group>"; };
		8E53D36921FE468500EACCE3 /* MPE-Debug.app */ = {isa = PBXFileReference; explicitFileType = wrapper.application; includeInIndex = 0; path = "MPE-Debug.app"; sourceTree = BUILT_PRODUCTS_DIR; };
		8E53D36C21FE468500EACCE3 /* AppDelegate.swift */ = {isa = PBXFileReference; lastKnownFileType = sourcecode.swift; path = AppDelegate.swift; sourceTree = "<group>"; };
		8E53D37321FE468900EACCE3 /* Assets.xcassets */ = {isa = PBXFileReference; lastKnownFileType = folder.assetcatalog; path = Assets.xcassets; sourceTree = "<group>"; };
		8E53D37621FE468900EACCE3 /* Base */ = {isa = PBXFileReference; lastKnownFileType = file.storyboard; name = Base; path = Base.lproj/LaunchScreen.storyboard; sourceTree = "<group>"; };
		8E53D37821FE468900EACCE3 /* Info.plist */ = {isa = PBXFileReference; lastKnownFileType = text.plist.xml; path = Info.plist; sourceTree = "<group>"; };
		8E53D37D21FE468A00EACCE3 /* MercadoPagoExampleTests.xctest */ = {isa = PBXFileReference; explicitFileType = wrapper.cfbundle; includeInIndex = 0; path = MercadoPagoExampleTests.xctest; sourceTree = BUILT_PRODUCTS_DIR; };
		8E53D38121FE468A00EACCE3 /* MercadoPagoExampleTests.swift */ = {isa = PBXFileReference; lastKnownFileType = sourcecode.swift; path = MercadoPagoExampleTests.swift; sourceTree = "<group>"; };
		8E53D38321FE468A00EACCE3 /* Info.plist */ = {isa = PBXFileReference; lastKnownFileType = text.plist.xml; path = Info.plist; sourceTree = "<group>"; };
		8E53D39421FE4C6800EACCE3 /* Constants.swift */ = {isa = PBXFileReference; lastKnownFileType = sourcecode.swift; path = Constants.swift; sourceTree = "<group>"; };
		8E53D39721FE4DC300EACCE3 /* AmountInputPresenter.swift */ = {isa = PBXFileReference; lastKnownFileType = sourcecode.swift; path = AmountInputPresenter.swift; sourceTree = "<group>"; };
		8E53D39821FE4DC300EACCE3 /* AmountInputWorker.swift */ = {isa = PBXFileReference; lastKnownFileType = sourcecode.swift; path = AmountInputWorker.swift; sourceTree = "<group>"; };
		8E53D39921FE4DC300EACCE3 /* AmountInputRouter.swift */ = {isa = PBXFileReference; lastKnownFileType = sourcecode.swift; path = AmountInputRouter.swift; sourceTree = "<group>"; };
		8E53D39A21FE4DC300EACCE3 /* AmountInputModels.swift */ = {isa = PBXFileReference; lastKnownFileType = sourcecode.swift; path = AmountInputModels.swift; sourceTree = "<group>"; };
		8E53D39B21FE4DC300EACCE3 /* AmountInputViewController.swift */ = {isa = PBXFileReference; lastKnownFileType = sourcecode.swift; path = AmountInputViewController.swift; sourceTree = "<group>"; };
		8E53D39C21FE4DC300EACCE3 /* AmountInputInteractor.swift */ = {isa = PBXFileReference; lastKnownFileType = sourcecode.swift; path = AmountInputInteractor.swift; sourceTree = "<group>"; };
		8E53D3A321FE4DD300EACCE3 /* PaymentSelectionPresenter.swift */ = {isa = PBXFileReference; lastKnownFileType = sourcecode.swift; path = PaymentSelectionPresenter.swift; sourceTree = "<group>"; };
		8E53D3A421FE4DD300EACCE3 /* PaymentSelectionWorker.swift */ = {isa = PBXFileReference; lastKnownFileType = sourcecode.swift; path = PaymentSelectionWorker.swift; sourceTree = "<group>"; };
		8E53D3A521FE4DD300EACCE3 /* PaymentSelectionRouter.swift */ = {isa = PBXFileReference; lastKnownFileType = sourcecode.swift; path = PaymentSelectionRouter.swift; sourceTree = "<group>"; };
		8E53D3A621FE4DD300EACCE3 /* PaymentSelectionModels.swift */ = {isa = PBXFileReference; lastKnownFileType = sourcecode.swift; path = PaymentSelectionModels.swift; sourceTree = "<group>"; };
		8E53D3A721FE4DD300EACCE3 /* PaymentSelectionViewController.swift */ = {isa = PBXFileReference; lastKnownFileType = sourcecode.swift; path = PaymentSelectionViewController.swift; sourceTree = "<group>"; };
		8E53D3A821FE4DD300EACCE3 /* PaymentSelectionInteractor.swift */ = {isa = PBXFileReference; lastKnownFileType = sourcecode.swift; path = PaymentSelectionInteractor.swift; sourceTree = "<group>"; };
		8E53D3AF21FE4DE300EACCE3 /* BankSelectionPresenter.swift */ = {isa = PBXFileReference; lastKnownFileType = sourcecode.swift; path = BankSelectionPresenter.swift; sourceTree = "<group>"; };
		8E53D3B021FE4DE300EACCE3 /* BankSelectionWorker.swift */ = {isa = PBXFileReference; lastKnownFileType = sourcecode.swift; path = BankSelectionWorker.swift; sourceTree = "<group>"; };
		8E53D3B121FE4DE300EACCE3 /* BankSelectionRouter.swift */ = {isa = PBXFileReference; lastKnownFileType = sourcecode.swift; path = BankSelectionRouter.swift; sourceTree = "<group>"; };
		8E53D3B221FE4DE300EACCE3 /* BankSelectionModels.swift */ = {isa = PBXFileReference; lastKnownFileType = sourcecode.swift; path = BankSelectionModels.swift; sourceTree = "<group>"; };
		8E53D3B321FE4DE300EACCE3 /* BankSelectionViewController.swift */ = {isa = PBXFileReference; lastKnownFileType = sourcecode.swift; path = BankSelectionViewController.swift; sourceTree = "<group>"; };
		8E53D3B421FE4DE300EACCE3 /* BankSelectionInteractor.swift */ = {isa = PBXFileReference; lastKnownFileType = sourcecode.swift; path = BankSelectionInteractor.swift; sourceTree = "<group>"; };
		8E53D3BB21FE4DFC00EACCE3 /* InstallmentSelectionPresenter.swift */ = {isa = PBXFileReference; lastKnownFileType = sourcecode.swift; path = InstallmentSelectionPresenter.swift; sourceTree = "<group>"; };
		8E53D3BC21FE4DFC00EACCE3 /* InstallmentSelectionWorker.swift */ = {isa = PBXFileReference; lastKnownFileType = sourcecode.swift; path = InstallmentSelectionWorker.swift; sourceTree = "<group>"; };
		8E53D3BD21FE4DFC00EACCE3 /* InstallmentSelectionRouter.swift */ = {isa = PBXFileReference; lastKnownFileType = sourcecode.swift; path = InstallmentSelectionRouter.swift; sourceTree = "<group>"; };
		8E53D3BE21FE4DFC00EACCE3 /* InstallmentSelectionModels.swift */ = {isa = PBXFileReference; lastKnownFileType = sourcecode.swift; path = InstallmentSelectionModels.swift; sourceTree = "<group>"; };
		8E53D3BF21FE4DFC00EACCE3 /* InstallmentSelectionViewController.swift */ = {isa = PBXFileReference; lastKnownFileType = sourcecode.swift; path = InstallmentSelectionViewController.swift; sourceTree = "<group>"; };
		8E53D3C021FE4DFC00EACCE3 /* InstallmentSelectionInteractor.swift */ = {isa = PBXFileReference; lastKnownFileType = sourcecode.swift; path = InstallmentSelectionInteractor.swift; sourceTree = "<group>"; };
		8E53D3C721FE4E0900EACCE3 /* SummaryPresenter.swift */ = {isa = PBXFileReference; lastKnownFileType = sourcecode.swift; path = SummaryPresenter.swift; sourceTree = "<group>"; };
		8E53D3C821FE4E0900EACCE3 /* SummaryWorker.swift */ = {isa = PBXFileReference; lastKnownFileType = sourcecode.swift; path = SummaryWorker.swift; sourceTree = "<group>"; };
		8E53D3C921FE4E0900EACCE3 /* SummaryRouter.swift */ = {isa = PBXFileReference; lastKnownFileType = sourcecode.swift; path = SummaryRouter.swift; sourceTree = "<group>"; };
		8E53D3CA21FE4E0900EACCE3 /* SummaryModels.swift */ = {isa = PBXFileReference; lastKnownFileType = sourcecode.swift; path = SummaryModels.swift; sourceTree = "<group>"; };
		8E53D3CB21FE4E0900EACCE3 /* SummaryViewController.swift */ = {isa = PBXFileReference; lastKnownFileType = sourcecode.swift; path = SummaryViewController.swift; sourceTree = "<group>"; };
		8E53D3CC21FE4E0900EACCE3 /* SummaryInteractor.swift */ = {isa = PBXFileReference; lastKnownFileType = sourcecode.swift; path = SummaryInteractor.swift; sourceTree = "<group>"; };
		8E53D3D421FEA2EA00EACCE3 /* PaymentMethodsResponse.swift */ = {isa = PBXFileReference; lastKnownFileType = sourcecode.swift; path = PaymentMethodsResponse.swift; sourceTree = "<group>"; };
		8E53D3D621FEA56700EACCE3 /* BanksResponse.swift */ = {isa = PBXFileReference; lastKnownFileType = sourcecode.swift; path = BanksResponse.swift; sourceTree = "<group>"; };
		8E53D3D921FEA7D900EACCE3 /* InstallmentsResponse.swift */ = {isa = PBXFileReference; lastKnownFileType = sourcecode.swift; path = InstallmentsResponse.swift; sourceTree = "<group>"; };
		8E53D3DC21FEAC8100EACCE3 /* Debug.xcconfig */ = {isa = PBXFileReference; lastKnownFileType = text.xcconfig; path = Debug.xcconfig; sourceTree = "<group>"; };
		8E53D3DD21FEAC8E00EACCE3 /* Release.xcconfig */ = {isa = PBXFileReference; lastKnownFileType = text.xcconfig; path = Release.xcconfig; sourceTree = "<group>"; };
		8E53D3E021FEB42700EACCE3 /* Stubs.swift */ = {isa = PBXFileReference; fileEncoding = 4; lastKnownFileType = sourcecode.swift; path = Stubs.swift; sourceTree = "<group>"; };
		8E53D3E721FF3A3200EACCE3 /* Configuration.swift */ = {isa = PBXFileReference; lastKnownFileType = sourcecode.swift; path = Configuration.swift; sourceTree = "<group>"; };
		8E53D3EA21FF417C00EACCE3 /* GET_installments_200.json */ = {isa = PBXFileReference; fileEncoding = 4; lastKnownFileType = text.json; path = GET_installments_200.json; sourceTree = "<group>"; };
		8E53D3EB21FF417C00EACCE3 /* GET_payment_methods_200.json */ = {isa = PBXFileReference; fileEncoding = 4; lastKnownFileType = text.json; path = GET_payment_methods_200.json; sourceTree = "<group>"; };
		8E53D3EC21FF417C00EACCE3 /* GET_bank_issuers_200.json */ = {isa = PBXFileReference; fileEncoding = 4; lastKnownFileType = text.json; path = GET_bank_issuers_200.json; sourceTree = "<group>"; };
		8E53D3F021FF461700EACCE3 /* MPEApi.swift */ = {isa = PBXFileReference; lastKnownFileType = sourcecode.swift; path = MPEApi.swift; sourceTree = "<group>"; };
		8E53D3F321FF479B00EACCE3 /* AlamoFireClient.swift */ = {isa = PBXFileReference; lastKnownFileType = sourcecode.swift; path = AlamoFireClient.swift; sourceTree = "<group>"; };
		8E53D3F521FF4DE800EACCE3 /* UrlSessionClient.swift */ = {isa = PBXFileReference; lastKnownFileType = sourcecode.swift; path = UrlSessionClient.swift; sourceTree = "<group>"; };
		8ED35D9D21FFBFDB0059F16B /* PaymentSelectionViewController.xib */ = {isa = PBXFileReference; lastKnownFileType = file.xib; path = PaymentSelectionViewController.xib; sourceTree = "<group>"; };
		8ED35DA421FFE9770059F16B /* StandardTableViewCell.swift */ = {isa = PBXFileReference; lastKnownFileType = sourcecode.swift; path = StandardTableViewCell.swift; sourceTree = "<group>"; };
		8ED35DA521FFE9770059F16B /* StandardTableViewCell.xib */ = {isa = PBXFileReference; lastKnownFileType = file.xib; path = StandardTableViewCell.xib; sourceTree = "<group>"; };
		8ED35DAA21FFEFA30059F16B /* BankSelectionViewController.xib */ = {isa = PBXFileReference; lastKnownFileType = file.xib; path = BankSelectionViewController.xib; sourceTree = "<group>"; };
		8ED35DAD22007F960059F16B /* InstallmentSelectionViewController.xib */ = {isa = PBXFileReference; lastKnownFileType = file.xib; path = InstallmentSelectionViewController.xib; sourceTree = "<group>"; };
		8ED35DB0220086580059F16B /* InstallmentTableViewCell.swift */ = {isa = PBXFileReference; lastKnownFileType = sourcecode.swift; path = InstallmentTableViewCell.swift; sourceTree = "<group>"; };
		8ED35DB1220086580059F16B /* InstallmentTableViewCell.xib */ = {isa = PBXFileReference; lastKnownFileType = file.xib; path = InstallmentTableViewCell.xib; sourceTree = "<group>"; };
/* End PBXFileReference section */

/* Begin PBXFrameworksBuildPhase section */
		8E53D36621FE468500EACCE3 /* Frameworks */ = {
			isa = PBXFrameworksBuildPhase;
			buildActionMask = 2147483647;
			files = (
				F1EFF95C8FEC6F8391A1535A /* Pods_MercadoPagoExample.framework in Frameworks */,
			);
			runOnlyForDeploymentPostprocessing = 0;
		};
		8E53D37A21FE468A00EACCE3 /* Frameworks */ = {
			isa = PBXFrameworksBuildPhase;
			buildActionMask = 2147483647;
			files = (
				3E6C334346B9F0CD553E868C /* Pods_MercadoPagoExampleTests.framework in Frameworks */,
			);
			runOnlyForDeploymentPostprocessing = 0;
		};
/* End PBXFrameworksBuildPhase section */

/* Begin PBXGroup section */
		6AEFDE575F2E7AFCA6F8DE58 /* Frameworks */ = {
			isa = PBXGroup;
			children = (
				11A207B25748AB439428D23C /* Pods_MercadoPagoExample.framework */,
				0F56B3937DBB54FFA46609ED /* Pods_MercadoPagoExampleTests.framework */,
			);
			name = Frameworks;
			sourceTree = "<group>";
		};
		8E53D36021FE468500EACCE3 = {
			isa = PBXGroup;
			children = (
				8E53D36B21FE468500EACCE3 /* MercadoPagoExample */,
				8E53D38021FE468A00EACCE3 /* MercadoPagoExampleTests */,
				8E53D36A21FE468500EACCE3 /* Products */,
				D87257E979D04C6CE46F7E3B /* Pods */,
				6AEFDE575F2E7AFCA6F8DE58 /* Frameworks */,
			);
			sourceTree = "<group>";
		};
		8E53D36A21FE468500EACCE3 /* Products */ = {
			isa = PBXGroup;
			children = (
				8E53D36921FE468500EACCE3 /* MPE-Debug.app */,
				8E53D37D21FE468A00EACCE3 /* MercadoPagoExampleTests.xctest */,
			);
			name = Products;
			sourceTree = "<group>";
		};
		8E53D36B21FE468500EACCE3 /* MercadoPagoExample */ = {
			isa = PBXGroup;
			children = (
				8E53D36C21FE468500EACCE3 /* AppDelegate.swift */,
				8E53D37321FE468900EACCE3 /* Assets.xcassets */,
				8E53D37521FE468900EACCE3 /* LaunchScreen.storyboard */,
				8E53D37821FE468900EACCE3 /* Info.plist */,
				8E53D3DB21FEAC5800EACCE3 /* Configuration */,
				8E53D3D321FEA29F00EACCE3 /* Models */,
				8E53D39321FE4C3500EACCE3 /* Utils */,
				8E53D38D21FE4ACD00EACCE3 /* Scenes */,
				8E53D38C21FE4ABA00EACCE3 /* API */,
			);
			path = MercadoPagoExample;
			sourceTree = "<group>";
		};
		8E53D38021FE468A00EACCE3 /* MercadoPagoExampleTests */ = {
			isa = PBXGroup;
			children = (
				8E53D38121FE468A00EACCE3 /* MercadoPagoExampleTests.swift */,
				8E53D38321FE468A00EACCE3 /* Info.plist */,
			);
			path = MercadoPagoExampleTests;
			sourceTree = "<group>";
		};
		8E53D38C21FE4ABA00EACCE3 /* API */ = {
			isa = PBXGroup;
			children = (
				8E53D3F221FF478600EACCE3 /* Clients */,
				8E53D3F021FF461700EACCE3 /* MPEApi.swift */,
			);
			path = API;
			sourceTree = "<group>";
		};
		8E53D38D21FE4ACD00EACCE3 /* Scenes */ = {
			isa = PBXGroup;
			children = (
				8E53D39221FE4B8B00EACCE3 /* Summary */,
				8E53D39121FE4B7B00EACCE3 /* InstallmentSelection */,
				8E53D39021FE4B2E00EACCE3 /* BankSelection */,
				8E53D38F21FE4AEF00EACCE3 /* PaymentSelection */,
				8E53D38E21FE4AE400EACCE3 /* AmountInput */,
			);
			path = Scenes;
			sourceTree = "<group>";
		};
		8E53D38E21FE4AE400EACCE3 /* AmountInput */ = {
			isa = PBXGroup;
			children = (
				8E53D39721FE4DC300EACCE3 /* AmountInputPresenter.swift */,
				8E53D39821FE4DC300EACCE3 /* AmountInputWorker.swift */,
				8E53D39921FE4DC300EACCE3 /* AmountInputRouter.swift */,
				8E53D39A21FE4DC300EACCE3 /* AmountInputModels.swift */,
				8E53D39B21FE4DC300EACCE3 /* AmountInputViewController.swift */,
				8E53D39C21FE4DC300EACCE3 /* AmountInputInteractor.swift */,
			);
			path = AmountInput;
			sourceTree = "<group>";
		};
		8E53D38F21FE4AEF00EACCE3 /* PaymentSelection */ = {
			isa = PBXGroup;
			children = (
				8ED35D9F21FFDE260059F16B /* Views */,
				8E53D3A321FE4DD300EACCE3 /* PaymentSelectionPresenter.swift */,
				8E53D3A421FE4DD300EACCE3 /* PaymentSelectionWorker.swift */,
				8E53D3A521FE4DD300EACCE3 /* PaymentSelectionRouter.swift */,
				8E53D3A621FE4DD300EACCE3 /* PaymentSelectionModels.swift */,
				8E53D3A721FE4DD300EACCE3 /* PaymentSelectionViewController.swift */,
				8E53D3A821FE4DD300EACCE3 /* PaymentSelectionInteractor.swift */,
			);
			path = PaymentSelection;
			sourceTree = "<group>";
		};
		8E53D39021FE4B2E00EACCE3 /* BankSelection */ = {
			isa = PBXGroup;
			children = (
				8ED35DA821FFEF5E0059F16B /* Views */,
				8E53D3AF21FE4DE300EACCE3 /* BankSelectionPresenter.swift */,
				8E53D3B021FE4DE300EACCE3 /* BankSelectionWorker.swift */,
				8E53D3B121FE4DE300EACCE3 /* BankSelectionRouter.swift */,
				8E53D3B221FE4DE300EACCE3 /* BankSelectionModels.swift */,
				8E53D3B321FE4DE300EACCE3 /* BankSelectionViewController.swift */,
				8E53D3B421FE4DE300EACCE3 /* BankSelectionInteractor.swift */,
			);
			path = BankSelection;
			sourceTree = "<group>";
		};
		8E53D39121FE4B7B00EACCE3 /* InstallmentSelection */ = {
			isa = PBXGroup;
			children = (
				8ED35DAC22007F4A0059F16B /* Views */,
				8E53D3BB21FE4DFC00EACCE3 /* InstallmentSelectionPresenter.swift */,
				8E53D3BC21FE4DFC00EACCE3 /* InstallmentSelectionWorker.swift */,
				8E53D3BD21FE4DFC00EACCE3 /* InstallmentSelectionRouter.swift */,
				8E53D3BE21FE4DFC00EACCE3 /* InstallmentSelectionModels.swift */,
				8E53D3BF21FE4DFC00EACCE3 /* InstallmentSelectionViewController.swift */,
				8E53D3C021FE4DFC00EACCE3 /* InstallmentSelectionInteractor.swift */,
			);
			path = InstallmentSelection;
			sourceTree = "<group>";
		};
		8E53D39221FE4B8B00EACCE3 /* Summary */ = {
			isa = PBXGroup;
			children = (
				8E53D3C721FE4E0900EACCE3 /* SummaryPresenter.swift */,
				8E53D3C821FE4E0900EACCE3 /* SummaryWorker.swift */,
				8E53D3C921FE4E0900EACCE3 /* SummaryRouter.swift */,
				8E53D3CA21FE4E0900EACCE3 /* SummaryModels.swift */,
				8E53D3CB21FE4E0900EACCE3 /* SummaryViewController.swift */,
				8E53D3CC21FE4E0900EACCE3 /* SummaryInteractor.swift */,
			);
			path = Summary;
			sourceTree = "<group>";
		};
		8E53D39321FE4C3500EACCE3 /* Utils */ = {
			isa = PBXGroup;
			children = (
				8ED35DA921FFEF700059F16B /* Helper Views */,
				8E53D3E921FF407C00EACCE3 /* TestData */,
				8E53D3E021FEB42700EACCE3 /* Stubs.swift */,
				8E53D39421FE4C6800EACCE3 /* Constants.swift */,
				8E53D3E721FF3A3200EACCE3 /* Configuration.swift */,
			);
			path = Utils;
			sourceTree = "<group>";
		};
		8E53D3D321FEA29F00EACCE3 /* Models */ = {
			isa = PBXGroup;
			children = (
				8E53D3D421FEA2EA00EACCE3 /* PaymentMethodsResponse.swift */,
				8E53D3D621FEA56700EACCE3 /* BanksResponse.swift */,
				8E53D3D921FEA7D900EACCE3 /* InstallmentsResponse.swift */,
			);
			path = Models;
			sourceTree = "<group>";
		};
		8E53D3DB21FEAC5800EACCE3 /* Configuration */ = {
			isa = PBXGroup;
			children = (
				8E53D3DC21FEAC8100EACCE3 /* Debug.xcconfig */,
				8E53D3DD21FEAC8E00EACCE3 /* Release.xcconfig */,
			);
			path = Configuration;
			sourceTree = "<group>";
		};
		8E53D3E921FF407C00EACCE3 /* TestData */ = {
			isa = PBXGroup;
			children = (
				8E53D3EC21FF417C00EACCE3 /* GET_bank_issuers_200.json */,
				8E53D3EA21FF417C00EACCE3 /* GET_installments_200.json */,
				8E53D3EB21FF417C00EACCE3 /* GET_payment_methods_200.json */,
			);
			path = TestData;
			sourceTree = "<group>";
		};
		8E53D3F221FF478600EACCE3 /* Clients */ = {
			isa = PBXGroup;
			children = (
				8E53D3F321FF479B00EACCE3 /* AlamoFireClient.swift */,
				8E53D3F521FF4DE800EACCE3 /* UrlSessionClient.swift */,
			);
			path = Clients;
			sourceTree = "<group>";
		};
		8ED35D9F21FFDE260059F16B /* Views */ = {
			isa = PBXGroup;
			children = (
				8ED35D9D21FFBFDB0059F16B /* PaymentSelectionViewController.xib */,
			);
			path = Views;
			sourceTree = "<group>";
		};
		8ED35DA321FFE9590059F16B /* Cells */ = {
			isa = PBXGroup;
			children = (
				8ED35DA421FFE9770059F16B /* StandardTableViewCell.swift */,
				8ED35DA521FFE9770059F16B /* StandardTableViewCell.xib */,
			);
			path = Cells;
			sourceTree = "<group>";
		};
		8ED35DA821FFEF5E0059F16B /* Views */ = {
			isa = PBXGroup;
			children = (
				8ED35DAA21FFEFA30059F16B /* BankSelectionViewController.xib */,
			);
			path = Views;
			sourceTree = "<group>";
		};
		8ED35DA921FFEF700059F16B /* Helper Views */ = {
			isa = PBXGroup;
			children = (
				8ED35DA321FFE9590059F16B /* Cells */,
			);
			path = "Helper Views";
			sourceTree = "<group>";
		};
		8ED35DAC22007F4A0059F16B /* Views */ = {
			isa = PBXGroup;
			children = (
				8ED35DAF220086460059F16B /* Cells */,
				8ED35DAD22007F960059F16B /* InstallmentSelectionViewController.xib */,
			);
			path = Views;
			sourceTree = "<group>";
		};
		8ED35DAF220086460059F16B /* Cells */ = {
			isa = PBXGroup;
			children = (
				8ED35DB0220086580059F16B /* InstallmentTableViewCell.swift */,
				8ED35DB1220086580059F16B /* InstallmentTableViewCell.xib */,
			);
			path = Cells;
			sourceTree = "<group>";
		};
		D87257E979D04C6CE46F7E3B /* Pods */ = {
			isa = PBXGroup;
			children = (
				37278CF8E99064A26CCA9BC4 /* Pods-MercadoPagoExample.debug.xcconfig */,
				06EE817D1F5F629197025665 /* Pods-MercadoPagoExample.release.xcconfig */,
				67A429D8CDE1D9223263490D /* Pods-MercadoPagoExampleTests.debug.xcconfig */,
				00639ED33186C277C1B8E17B /* Pods-MercadoPagoExampleTests.release.xcconfig */,
			);
			name = Pods;
			sourceTree = "<group>";
		};
/* End PBXGroup section */

/* Begin PBXNativeTarget section */
		8E53D36821FE468500EACCE3 /* MercadoPagoExample */ = {
			isa = PBXNativeTarget;
			buildConfigurationList = 8E53D38621FE468A00EACCE3 /* Build configuration list for PBXNativeTarget "MercadoPagoExample" */;
			buildPhases = (
				1CFAAC7B053857616E7CCCC3 /* [CP] Check Pods Manifest.lock */,
				8E53D36521FE468500EACCE3 /* Sources */,
				8E53D36621FE468500EACCE3 /* Frameworks */,
				8E53D36721FE468500EACCE3 /* Resources */,
				43DDF67DDDD48809CE324C47 /* [CP] Embed Pods Frameworks */,
			);
			buildRules = (
			);
			dependencies = (
			);
			name = MercadoPagoExample;
			productName = MercadoPagoExample;
			productReference = 8E53D36921FE468500EACCE3 /* MPE-Debug.app */;
			productType = "com.apple.product-type.application";
		};
		8E53D37C21FE468A00EACCE3 /* MercadoPagoExampleTests */ = {
			isa = PBXNativeTarget;
			buildConfigurationList = 8E53D38921FE468A00EACCE3 /* Build configuration list for PBXNativeTarget "MercadoPagoExampleTests" */;
			buildPhases = (
				BC322F2CE5B8CD0427ED9786 /* [CP] Check Pods Manifest.lock */,
				8E53D37921FE468A00EACCE3 /* Sources */,
				8E53D37A21FE468A00EACCE3 /* Frameworks */,
				8E53D37B21FE468A00EACCE3 /* Resources */,
			);
			buildRules = (
			);
			dependencies = (
				8E53D37F21FE468A00EACCE3 /* PBXTargetDependency */,
			);
			name = MercadoPagoExampleTests;
			productName = MercadoPagoExampleTests;
			productReference = 8E53D37D21FE468A00EACCE3 /* MercadoPagoExampleTests.xctest */;
			productType = "com.apple.product-type.bundle.unit-test";
		};
/* End PBXNativeTarget section */

/* Begin PBXProject section */
		8E53D36121FE468500EACCE3 /* Project object */ = {
			isa = PBXProject;
			attributes = {
				LastSwiftUpdateCheck = 1010;
				LastUpgradeCheck = 1010;
				ORGANIZATIONNAME = Nisum;
				TargetAttributes = {
					8E53D36821FE468500EACCE3 = {
						CreatedOnToolsVersion = 10.1;
					};
					8E53D37C21FE468A00EACCE3 = {
						CreatedOnToolsVersion = 10.1;
						TestTargetID = 8E53D36821FE468500EACCE3;
					};
				};
			};
			buildConfigurationList = 8E53D36421FE468500EACCE3 /* Build configuration list for PBXProject "MercadoPagoExample" */;
			compatibilityVersion = "Xcode 9.3";
			developmentRegion = en;
			hasScannedForEncodings = 0;
			knownRegions = (
				en,
				Base,
			);
			mainGroup = 8E53D36021FE468500EACCE3;
			productRefGroup = 8E53D36A21FE468500EACCE3 /* Products */;
			projectDirPath = "";
			projectRoot = "";
			targets = (
				8E53D36821FE468500EACCE3 /* MercadoPagoExample */,
				8E53D37C21FE468A00EACCE3 /* MercadoPagoExampleTests */,
			);
		};
/* End PBXProject section */

/* Begin PBXResourcesBuildPhase section */
		8E53D36721FE468500EACCE3 /* Resources */ = {
			isa = PBXResourcesBuildPhase;
			buildActionMask = 2147483647;
			files = (
				8E53D3EF21FF417C00EACCE3 /* GET_bank_issuers_200.json in Resources */,
				8ED35DAB21FFEFA30059F16B /* BankSelectionViewController.xib in Resources */,
				8E53D37721FE468900EACCE3 /* LaunchScreen.storyboard in Resources */,
				8ED35DB3220086580059F16B /* InstallmentTableViewCell.xib in Resources */,
				8ED35D9E21FFBFDB0059F16B /* PaymentSelectionViewController.xib in Resources */,
				8ED35DA721FFE9770059F16B /* StandardTableViewCell.xib in Resources */,
				8ED35DAE22007F960059F16B /* InstallmentSelectionViewController.xib in Resources */,
				8E53D37421FE468900EACCE3 /* Assets.xcassets in Resources */,
				8E53D3ED21FF417C00EACCE3 /* GET_installments_200.json in Resources */,
				8E53D3EE21FF417C00EACCE3 /* GET_payment_methods_200.json in Resources */,
			);
			runOnlyForDeploymentPostprocessing = 0;
		};
		8E53D37B21FE468A00EACCE3 /* Resources */ = {
			isa = PBXResourcesBuildPhase;
			buildActionMask = 2147483647;
			files = (
			);
			runOnlyForDeploymentPostprocessing = 0;
		};
/* End PBXResourcesBuildPhase section */

/* Begin PBXShellScriptBuildPhase section */
		1CFAAC7B053857616E7CCCC3 /* [CP] Check Pods Manifest.lock */ = {
			isa = PBXShellScriptBuildPhase;
			buildActionMask = 2147483647;
			files = (
			);
			inputFileListPaths = (
			);
			inputPaths = (
				"${PODS_PODFILE_DIR_PATH}/Podfile.lock",
				"${PODS_ROOT}/Manifest.lock",
			);
			name = "[CP] Check Pods Manifest.lock";
			outputFileListPaths = (
			);
			outputPaths = (
				"$(DERIVED_FILE_DIR)/Pods-MercadoPagoExample-checkManifestLockResult.txt",
			);
			runOnlyForDeploymentPostprocessing = 0;
			shellPath = /bin/sh;
			shellScript = "diff \"${PODS_PODFILE_DIR_PATH}/Podfile.lock\" \"${PODS_ROOT}/Manifest.lock\" > /dev/null\nif [ $? != 0 ] ; then\n    # print error to STDERR\n    echo \"error: The sandbox is not in sync with the Podfile.lock. Run 'pod install' or update your CocoaPods installation.\" >&2\n    exit 1\nfi\n# This output is used by Xcode 'outputs' to avoid re-running this script phase.\necho \"SUCCESS\" > \"${SCRIPT_OUTPUT_FILE_0}\"\n";
			showEnvVarsInLog = 0;
		};
		43DDF67DDDD48809CE324C47 /* [CP] Embed Pods Frameworks */ = {
			isa = PBXShellScriptBuildPhase;
			buildActionMask = 2147483647;
			files = (
			);
			inputFileListPaths = (
			);
			inputPaths = (
				"${SRCROOT}/Pods/Target Support Files/Pods-MercadoPagoExample/Pods-MercadoPagoExample-frameworks.sh",
				"${BUILT_PRODUCTS_DIR}/Alamofire/Alamofire.framework",
				"${BUILT_PRODUCTS_DIR}/OHHTTPStubs/OHHTTPStubs.framework",
			);
			name = "[CP] Embed Pods Frameworks";
			outputFileListPaths = (
			);
			outputPaths = (
				"${TARGET_BUILD_DIR}/${FRAMEWORKS_FOLDER_PATH}/Alamofire.framework",
				"${TARGET_BUILD_DIR}/${FRAMEWORKS_FOLDER_PATH}/OHHTTPStubs.framework",
			);
			runOnlyForDeploymentPostprocessing = 0;
			shellPath = /bin/sh;
			shellScript = "\"${SRCROOT}/Pods/Target Support Files/Pods-MercadoPagoExample/Pods-MercadoPagoExample-frameworks.sh\"\n";
			showEnvVarsInLog = 0;
		};
		BC322F2CE5B8CD0427ED9786 /* [CP] Check Pods Manifest.lock */ = {
			isa = PBXShellScriptBuildPhase;
			buildActionMask = 2147483647;
			files = (
			);
			inputFileListPaths = (
			);
			inputPaths = (
				"${PODS_PODFILE_DIR_PATH}/Podfile.lock",
				"${PODS_ROOT}/Manifest.lock",
			);
			name = "[CP] Check Pods Manifest.lock";
			outputFileListPaths = (
			);
			outputPaths = (
				"$(DERIVED_FILE_DIR)/Pods-MercadoPagoExampleTests-checkManifestLockResult.txt",
			);
			runOnlyForDeploymentPostprocessing = 0;
			shellPath = /bin/sh;
			shellScript = "diff \"${PODS_PODFILE_DIR_PATH}/Podfile.lock\" \"${PODS_ROOT}/Manifest.lock\" > /dev/null\nif [ $? != 0 ] ; then\n    # print error to STDERR\n    echo \"error: The sandbox is not in sync with the Podfile.lock. Run 'pod install' or update your CocoaPods installation.\" >&2\n    exit 1\nfi\n# This output is used by Xcode 'outputs' to avoid re-running this script phase.\necho \"SUCCESS\" > \"${SCRIPT_OUTPUT_FILE_0}\"\n";
			showEnvVarsInLog = 0;
		};
/* End PBXShellScriptBuildPhase section */

/* Begin PBXSourcesBuildPhase section */
		8E53D36521FE468500EACCE3 /* Sources */ = {
			isa = PBXSourcesBuildPhase;
			buildActionMask = 2147483647;
			files = (
				8E53D3AB21FE4DD300EACCE3 /* PaymentSelectionRouter.swift in Sources */,
				8E53D3B521FE4DE300EACCE3 /* BankSelectionPresenter.swift in Sources */,
				8E53D3C321FE4DFC00EACCE3 /* InstallmentSelectionRouter.swift in Sources */,
				8E53D3F121FF461700EACCE3 /* MPEApi.swift in Sources */,
				8E53D3D121FE4E0900EACCE3 /* SummaryViewController.swift in Sources */,
				8E53D3D521FEA2EA00EACCE3 /* PaymentMethodsResponse.swift in Sources */,
				8E53D3CD21FE4E0900EACCE3 /* SummaryPresenter.swift in Sources */,
				8E53D3A921FE4DD300EACCE3 /* PaymentSelectionPresenter.swift in Sources */,
				8ED35DA621FFE9770059F16B /* StandardTableViewCell.swift in Sources */,
				8E53D3AD21FE4DD300EACCE3 /* PaymentSelectionViewController.swift in Sources */,
				8E53D3C621FE4DFC00EACCE3 /* InstallmentSelectionInteractor.swift in Sources */,
				8E53D3BA21FE4DE300EACCE3 /* BankSelectionInteractor.swift in Sources */,
				8E53D39D21FE4DC300EACCE3 /* AmountInputPresenter.swift in Sources */,
				8E53D3B621FE4DE300EACCE3 /* BankSelectionWorker.swift in Sources */,
				8E53D3B821FE4DE300EACCE3 /* BankSelectionModels.swift in Sources */,
				8E53D3F421FF479B00EACCE3 /* AlamoFireClient.swift in Sources */,
				8E53D3CE21FE4E0900EACCE3 /* SummaryWorker.swift in Sources */,
				8E53D36D21FE468500EACCE3 /* AppDelegate.swift in Sources */,
				8E53D3C521FE4DFC00EACCE3 /* InstallmentSelectionViewController.swift in Sources */,
				8ED35DB2220086580059F16B /* InstallmentTableViewCell.swift in Sources */,
				8E53D3C221FE4DFC00EACCE3 /* InstallmentSelectionWorker.swift in Sources */,
				8E53D39E21FE4DC300EACCE3 /* AmountInputWorker.swift in Sources */,
				8E53D3E121FEB42A00EACCE3 /* Stubs.swift in Sources */,
				8E53D3D021FE4E0900EACCE3 /* SummaryModels.swift in Sources */,
				8E53D39521FE4C6800EACCE3 /* Constants.swift in Sources */,
				8E53D3E821FF3A3200EACCE3 /* Configuration.swift in Sources */,
				8E53D3D221FE4E0900EACCE3 /* SummaryInteractor.swift in Sources */,
				8E53D3DA21FEA7D900EACCE3 /* InstallmentsResponse.swift in Sources */,
				8E53D3B921FE4DE300EACCE3 /* BankSelectionViewController.swift in Sources */,
				8E53D3CF21FE4E0900EACCE3 /* SummaryRouter.swift in Sources */,
				8E53D3A121FE4DC300EACCE3 /* AmountInputViewController.swift in Sources */,
				8E53D3A021FE4DC300EACCE3 /* AmountInputModels.swift in Sources */,
				8E53D39F21FE4DC300EACCE3 /* AmountInputRouter.swift in Sources */,
				8E53D3A221FE4DC300EACCE3 /* AmountInputInteractor.swift in Sources */,
				8E53D3F621FF4DE800EACCE3 /* UrlSessionClient.swift in Sources */,
				8E53D3C121FE4DFC00EACCE3 /* InstallmentSelectionPresenter.swift in Sources */,
				8E53D3AA21FE4DD300EACCE3 /* PaymentSelectionWorker.swift in Sources */,
				8E53D3B721FE4DE300EACCE3 /* BankSelectionRouter.swift in Sources */,
				8E53D3D721FEA56700EACCE3 /* BanksResponse.swift in Sources */,
				8E53D3AE21FE4DD300EACCE3 /* PaymentSelectionInteractor.swift in Sources */,
				8E53D3C421FE4DFC00EACCE3 /* InstallmentSelectionModels.swift in Sources */,
				8E53D3AC21FE4DD300EACCE3 /* PaymentSelectionModels.swift in Sources */,
			);
			runOnlyForDeploymentPostprocessing = 0;
		};
		8E53D37921FE468A00EACCE3 /* Sources */ = {
			isa = PBXSourcesBuildPhase;
			buildActionMask = 2147483647;
			files = (
				8E53D38221FE468A00EACCE3 /* MercadoPagoExampleTests.swift in Sources */,
			);
			runOnlyForDeploymentPostprocessing = 0;
		};
/* End PBXSourcesBuildPhase section */

/* Begin PBXTargetDependency section */
		8E53D37F21FE468A00EACCE3 /* PBXTargetDependency */ = {
			isa = PBXTargetDependency;
			target = 8E53D36821FE468500EACCE3 /* MercadoPagoExample */;
			targetProxy = 8E53D37E21FE468A00EACCE3 /* PBXContainerItemProxy */;
		};
/* End PBXTargetDependency section */

/* Begin PBXVariantGroup section */
		8E53D37521FE468900EACCE3 /* LaunchScreen.storyboard */ = {
			isa = PBXVariantGroup;
			children = (
				8E53D37621FE468900EACCE3 /* Base */,
			);
			name = LaunchScreen.storyboard;
			sourceTree = "<group>";
		};
/* End PBXVariantGroup section */

/* Begin XCBuildConfiguration section */
		8E53D38421FE468A00EACCE3 /* Debug */ = {
			isa = XCBuildConfiguration;
			buildSettings = {
				ALWAYS_SEARCH_USER_PATHS = NO;
				CLANG_ANALYZER_NONNULL = YES;
				CLANG_ANALYZER_NUMBER_OBJECT_CONVERSION = YES_AGGRESSIVE;
				CLANG_CXX_LANGUAGE_STANDARD = "gnu++14";
				CLANG_CXX_LIBRARY = "libc++";
				CLANG_ENABLE_MODULES = YES;
				CLANG_ENABLE_OBJC_ARC = YES;
				CLANG_ENABLE_OBJC_WEAK = YES;
				CLANG_WARN_BLOCK_CAPTURE_AUTORELEASING = YES;
				CLANG_WARN_BOOL_CONVERSION = YES;
				CLANG_WARN_COMMA = YES;
				CLANG_WARN_CONSTANT_CONVERSION = YES;
				CLANG_WARN_DEPRECATED_OBJC_IMPLEMENTATIONS = YES;
				CLANG_WARN_DIRECT_OBJC_ISA_USAGE = YES_ERROR;
				CLANG_WARN_DOCUMENTATION_COMMENTS = YES;
				CLANG_WARN_EMPTY_BODY = YES;
				CLANG_WARN_ENUM_CONVERSION = YES;
				CLANG_WARN_INFINITE_RECURSION = YES;
				CLANG_WARN_INT_CONVERSION = YES;
				CLANG_WARN_NON_LITERAL_NULL_CONVERSION = YES;
				CLANG_WARN_OBJC_IMPLICIT_RETAIN_SELF = YES;
				CLANG_WARN_OBJC_LITERAL_CONVERSION = YES;
				CLANG_WARN_OBJC_ROOT_CLASS = YES_ERROR;
				CLANG_WARN_RANGE_LOOP_ANALYSIS = YES;
				CLANG_WARN_STRICT_PROTOTYPES = YES;
				CLANG_WARN_SUSPICIOUS_MOVE = YES;
				CLANG_WARN_UNGUARDED_AVAILABILITY = YES_AGGRESSIVE;
				CLANG_WARN_UNREACHABLE_CODE = YES;
				CLANG_WARN__DUPLICATE_METHOD_MATCH = YES;
				CODE_SIGN_IDENTITY = "iPhone Developer";
				COPY_PHASE_STRIP = NO;
				DEBUG_INFORMATION_FORMAT = dwarf;
				ENABLE_STRICT_OBJC_MSGSEND = YES;
				ENABLE_TESTABILITY = YES;
				GCC_C_LANGUAGE_STANDARD = gnu11;
				GCC_DYNAMIC_NO_PIC = NO;
				GCC_NO_COMMON_BLOCKS = YES;
				GCC_OPTIMIZATION_LEVEL = 0;
				GCC_PREPROCESSOR_DEFINITIONS = (
					"DEBUG=1",
					"$(inherited)",
				);
				GCC_WARN_64_TO_32_BIT_CONVERSION = YES;
				GCC_WARN_ABOUT_RETURN_TYPE = YES_ERROR;
				GCC_WARN_UNDECLARED_SELECTOR = YES;
				GCC_WARN_UNINITIALIZED_AUTOS = YES_AGGRESSIVE;
				GCC_WARN_UNUSED_FUNCTION = YES;
				GCC_WARN_UNUSED_VARIABLE = YES;
				IPHONEOS_DEPLOYMENT_TARGET = 12.1;
				MTL_ENABLE_DEBUG_INFO = INCLUDE_SOURCE;
				MTL_FAST_MATH = YES;
				ONLY_ACTIVE_ARCH = YES;
				SDKROOT = iphoneos;
				SWIFT_ACTIVE_COMPILATION_CONDITIONS = DEBUG;
				SWIFT_OPTIMIZATION_LEVEL = "-Onone";
			};
			name = Debug;
		};
		8E53D38521FE468A00EACCE3 /* Release */ = {
			isa = XCBuildConfiguration;
			buildSettings = {
				ALWAYS_SEARCH_USER_PATHS = NO;
				CLANG_ANALYZER_NONNULL = YES;
				CLANG_ANALYZER_NUMBER_OBJECT_CONVERSION = YES_AGGRESSIVE;
				CLANG_CXX_LANGUAGE_STANDARD = "gnu++14";
				CLANG_CXX_LIBRARY = "libc++";
				CLANG_ENABLE_MODULES = YES;
				CLANG_ENABLE_OBJC_ARC = YES;
				CLANG_ENABLE_OBJC_WEAK = YES;
				CLANG_WARN_BLOCK_CAPTURE_AUTORELEASING = YES;
				CLANG_WARN_BOOL_CONVERSION = YES;
				CLANG_WARN_COMMA = YES;
				CLANG_WARN_CONSTANT_CONVERSION = YES;
				CLANG_WARN_DEPRECATED_OBJC_IMPLEMENTATIONS = YES;
				CLANG_WARN_DIRECT_OBJC_ISA_USAGE = YES_ERROR;
				CLANG_WARN_DOCUMENTATION_COMMENTS = YES;
				CLANG_WARN_EMPTY_BODY = YES;
				CLANG_WARN_ENUM_CONVERSION = YES;
				CLANG_WARN_INFINITE_RECURSION = YES;
				CLANG_WARN_INT_CONVERSION = YES;
				CLANG_WARN_NON_LITERAL_NULL_CONVERSION = YES;
				CLANG_WARN_OBJC_IMPLICIT_RETAIN_SELF = YES;
				CLANG_WARN_OBJC_LITERAL_CONVERSION = YES;
				CLANG_WARN_OBJC_ROOT_CLASS = YES_ERROR;
				CLANG_WARN_RANGE_LOOP_ANALYSIS = YES;
				CLANG_WARN_STRICT_PROTOTYPES = YES;
				CLANG_WARN_SUSPICIOUS_MOVE = YES;
				CLANG_WARN_UNGUARDED_AVAILABILITY = YES_AGGRESSIVE;
				CLANG_WARN_UNREACHABLE_CODE = YES;
				CLANG_WARN__DUPLICATE_METHOD_MATCH = YES;
				CODE_SIGN_IDENTITY = "iPhone Developer";
				COPY_PHASE_STRIP = NO;
				DEBUG_INFORMATION_FORMAT = "dwarf-with-dsym";
				ENABLE_NS_ASSERTIONS = NO;
				ENABLE_STRICT_OBJC_MSGSEND = YES;
				GCC_C_LANGUAGE_STANDARD = gnu11;
				GCC_NO_COMMON_BLOCKS = YES;
				GCC_WARN_64_TO_32_BIT_CONVERSION = YES;
				GCC_WARN_ABOUT_RETURN_TYPE = YES_ERROR;
				GCC_WARN_UNDECLARED_SELECTOR = YES;
				GCC_WARN_UNINITIALIZED_AUTOS = YES_AGGRESSIVE;
				GCC_WARN_UNUSED_FUNCTION = YES;
				GCC_WARN_UNUSED_VARIABLE = YES;
				IPHONEOS_DEPLOYMENT_TARGET = 12.1;
				MTL_ENABLE_DEBUG_INFO = NO;
				MTL_FAST_MATH = YES;
				SDKROOT = iphoneos;
				SWIFT_COMPILATION_MODE = wholemodule;
				SWIFT_OPTIMIZATION_LEVEL = "-O";
				VALIDATE_PRODUCT = YES;
			};
			name = Release;
		};
		8E53D38721FE468A00EACCE3 /* Debug */ = {
			isa = XCBuildConfiguration;
			baseConfigurationReference = 37278CF8E99064A26CCA9BC4 /* Pods-MercadoPagoExample.debug.xcconfig */;
			buildSettings = {
				ASSETCATALOG_COMPILER_APPICON_NAME = AppIcon;
				CODE_SIGN_STYLE = Automatic;
				DEVELOPMENT_TEAM = U35J9FZQWQ;
				INFOPLIST_FILE = MercadoPagoExample/Info.plist;
				LD_RUNPATH_SEARCH_PATHS = (
					"$(inherited)",
					"@executable_path/Frameworks",
				);
				PRODUCT_BUNDLE_IDENTIFIER = OrlandoArzola.MercadoPagoExample.debug;
				PRODUCT_NAME = "MPE-Debug";
				SWIFT_VERSION = 4.2;
				TARGETED_DEVICE_FAMILY = "1,2";
			};
			name = Debug;
		};
		8E53D38821FE468A00EACCE3 /* Release */ = {
			isa = XCBuildConfiguration;
			baseConfigurationReference = 06EE817D1F5F629197025665 /* Pods-MercadoPagoExample.release.xcconfig */;
			buildSettings = {
				ASSETCATALOG_COMPILER_APPICON_NAME = AppIcon;
				CODE_SIGN_STYLE = Automatic;
				DEVELOPMENT_TEAM = U35J9FZQWQ;
				INFOPLIST_FILE = MercadoPagoExample/Info.plist;
				LD_RUNPATH_SEARCH_PATHS = (
					"$(inherited)",
					"@executable_path/Frameworks",
				);
				PRODUCT_BUNDLE_IDENTIFIER = OrlandoArzola.MercadoPagoExample.qa;
				PRODUCT_NAME = "MPE-Release";
				SWIFT_VERSION = 4.2;
				TARGETED_DEVICE_FAMILY = "1,2";
			};
			name = Release;
		};
		8E53D38A21FE468A00EACCE3 /* Debug */ = {
			isa = XCBuildConfiguration;
			baseConfigurationReference = 67A429D8CDE1D9223263490D /* Pods-MercadoPagoExampleTests.debug.xcconfig */;
			buildSettings = {
				ALWAYS_EMBED_SWIFT_STANDARD_LIBRARIES = YES;
				BUNDLE_LOADER = "$(TEST_HOST)";
				CODE_SIGN_STYLE = Automatic;
				DEVELOPMENT_TEAM = U35J9FZQWQ;
				INFOPLIST_FILE = MercadoPagoExampleTests/Info.plist;
				LD_RUNPATH_SEARCH_PATHS = (
					"$(inherited)",
					"@executable_path/Frameworks",
					"@loader_path/Frameworks",
				);
				PRODUCT_BUNDLE_IDENTIFIER = OrlandoArzola.MercadoPagoExampleTests;
				PRODUCT_NAME = "$(TARGET_NAME)";
				SWIFT_VERSION = 4.2;
				TARGETED_DEVICE_FAMILY = "1,2";
				TEST_HOST = "$(BUILT_PRODUCTS_DIR)/MercadoPagoExample.app/MercadoPagoExample";
			};
			name = Debug;
		};
		8E53D38B21FE468A00EACCE3 /* Release */ = {
			isa = XCBuildConfiguration;
			baseConfigurationReference = 00639ED33186C277C1B8E17B /* Pods-MercadoPagoExampleTests.release.xcconfig */;
			buildSettings = {
				ALWAYS_EMBED_SWIFT_STANDARD_LIBRARIES = YES;
				BUNDLE_LOADER = "$(TEST_HOST)";
				CODE_SIGN_STYLE = Automatic;
				DEVELOPMENT_TEAM = U35J9FZQWQ;
				INFOPLIST_FILE = MercadoPagoExampleTests/Info.plist;
				LD_RUNPATH_SEARCH_PATHS = (
					"$(inherited)",
					"@executable_path/Frameworks",
					"@loader_path/Frameworks",
				);
				PRODUCT_BUNDLE_IDENTIFIER = OrlandoArzola.MercadoPagoExampleTests;
				PRODUCT_NAME = "$(TARGET_NAME)";
				SWIFT_VERSION = 4.2;
				TARGETED_DEVICE_FAMILY = "1,2";
				TEST_HOST = "$(BUILT_PRODUCTS_DIR)/MercadoPagoExample.app/MercadoPagoExample";
			};
			name = Release;
		};
/* End XCBuildConfiguration section */

/* Begin XCConfigurationList section */
		8E53D36421FE468500EACCE3 /* Build configuration list for PBXProject "MercadoPagoExample" */ = {
			isa = XCConfigurationList;
			buildConfigurations = (
				8E53D38421FE468A00EACCE3 /* Debug */,
				8E53D38521FE468A00EACCE3 /* Release */,
			);
			defaultConfigurationIsVisible = 0;
			defaultConfigurationName = Release;
		};
		8E53D38621FE468A00EACCE3 /* Build configuration list for PBXNativeTarget "MercadoPagoExample" */ = {
			isa = XCConfigurationList;
			buildConfigurations = (
				8E53D38721FE468A00EACCE3 /* Debug */,
				8E53D38821FE468A00EACCE3 /* Release */,
			);
			defaultConfigurationIsVisible = 0;
			defaultConfigurationName = Release;
		};
		8E53D38921FE468A00EACCE3 /* Build configuration list for PBXNativeTarget "MercadoPagoExampleTests" */ = {
			isa = XCConfigurationList;
			buildConfigurations = (
				8E53D38A21FE468A00EACCE3 /* Debug */,
				8E53D38B21FE468A00EACCE3 /* Release */,
			);
			defaultConfigurationIsVisible = 0;
			defaultConfigurationName = Release;
		};
/* End XCConfigurationList section */
	};
	rootObject = 8E53D36121FE468500EACCE3 /* Project object */;
}
